
Microsoft Visual Studio Solution File, Format Version 12.00
# Visual Studio Version 17
VisualStudioVersion = 17.1.32127.271
MinimumVisualStudioVersion = 10.0.40219.1
Project("{00D1A9C2-B5F0-4AF3-8072-F6C62B433612}") = "AssetrazDB", "AssetrazDB\AssetrazDB.sqlproj", "{7CCB9A6E-FB32-469A-9761-0341CA4CC884}"
EndProject
Global
	GlobalSection(SolutionConfigurationPlatforms) = preSolution
		Debug|Any CPU = Debug|Any CPU
		Release|Any CPU = Release|Any CPU
	EndGlobalSection
	GlobalSection(ProjectConfigurationPlatforms) = postSolution
		{7CCB9A6E-FB32-469A-9761-0341CA4CC884}.Debug|Any CPU.ActiveCfg = Debug|Any CPU
		{7CCB9A6E-FB32-469A-9761-0341CA4CC884}.Debug|Any CPU.Build.0 = Debug|Any CPU
		{7CCB9A6E-FB32-469A-9761-0341CA4CC884}.Debug|Any CPU.Deploy.0 = Debug|Any CPU
		{7CCB9A6E-FB32-469A-9761-0341CA4CC884}.Release|Any CPU.ActiveCfg = Release|Any CPU
		{7CCB9A6E-FB32-469A-9761-0341CA4CC884}.Release|Any CPU.Build.0 = Release|Any CPU
		{7CCB9A6E-FB32-469A-9761-0341CA4CC884}.Release|Any CPU.Deploy.0 = Release|Any CPU
	EndGlobalSection
	GlobalSection(SolutionProperties) = preSolution
		HideSolutionNode = FALSE
	EndGlobalSection
	GlobalSection(ExtensibilityGlobals) = postSolution
		SolutionGuid = {E4CBB717-7937-4675-8848-A830A1A58898}
	EndGlobalSection
EndGlobal
